Microsoft Visual Studio Solution File, Format Version 12.00
# Visual Studio Version 17
VisualStudioVersion = 17.7.33230.131
MinimumVisualStudioVersion = 10.0.40219.1
Project("{FAE04EC0-301F-11D3-BF4B-00C04F79EFBC}") = "Presentation.TestConsole", "src\Presentation.TestConsole\Presentation.TestConsole.csproj", "{53BF6E27-FC48-04AD-DD04-D7AC9055706C}"
	ProjectSection(ProjectDependencies) = postProject
		{C723B7ED-4A49-4AB9-BEDD-C21BB6CDDDDA} = {C723B7ED-4A49-4AB9-BEDD-C21BB6CDDDDA}
	EndProjectSection
EndProject
Project("{FAE04EC0-301F-11D3-BF4B-00C04F79EFBC}") = "Domain", "src\Domain\Domain.csproj", "{C723B7ED-4A49-4AB9-BEDD-C21BB6CDDDDA}"
EndProject
Global
	GlobalSection(SolutionConfigurationPlatforms) = preSolution
		Debug|Any CPU = Debug|Any CPU
		Release|Any CPU = Release|Any CPU
	EndGlobalSection
	GlobalSection(ProjectConfigurationPlatforms) = postSolution
		{53BF6E27-FC48-04AD-DD04-D7AC9055706C}.Debug|Any CPU.ActiveCfg = Debug|Any CPU
		{53BF6E27-FC48-04AD-DD04-D7AC9055706C}.Debug|Any CPU.Build.0 = Debug|Any CPU
		{53BF6E27-FC48-04AD-DD04-D7AC9055706C}.Release|Any CPU.ActiveCfg = Release|Any CPU
		{53BF6E27-FC48-04AD-DD04-D7AC9055706C}.Release|Any CPU.Build.0 = Release|Any CPU
		{C723B7ED-4A49-4AB9-BEDD-C21BB6CDDDDA}.Debug|Any CPU.ActiveCfg = Debug|Any CPU
		{C723B7ED-4A49-4AB9-BEDD-C21BB6CDDDDA}.Debug|Any CPU.Build.0 = Debug|Any CPU
		{C723B7ED-4A49-4AB9-BEDD-C21BB6CDDDDA}.Release|Any CPU.ActiveCfg = Release|Any CPU
		{C723B7ED-4A49-4AB9-BEDD-C21BB6CDDDDA}.Release|Any CPU.Build.0 = Release|Any CPU
	EndGlobalSection
	GlobalSection(SolutionProperties) = preSolution
		HideSolutionNode = FALSE
	EndGlobalSection
	GlobalSection(ExtensibilityGlobals) = postSolution
		SolutionGuid = {F1E81F28-F50E-46F1-A081-BAB748B2D2ED}
	EndGlobalSection
EndGlobal
